
Microsoft Visual Studio Solution File, Format Version 12.00
# Visual Studio Version 17
VisualStudioVersion = 17.9.34714.143
MinimumVisualStudioVersion = 10.0.40219.1
Project("{FAE04EC0-301F-11D3-BF4B-00C04F79EFBC}") = "TodoSystem.Tests", "TodoSystem.Tests\TodoSystem.Tests.csproj", "{D3AB21C4-90E9-4D99-A887-B2154C17A5D1}"
EndProject
Global
	GlobalSection(SolutionConfigurationPlatforms) = preSolution
		Debug|Any CPU = Debug|Any CPU
		Release|Any CPU = Release|Any CPU
	EndGlobalSection
	GlobalSection(ProjectConfigurationPlatforms) = postSolution
		{D3AB21C4-90E9-4D99-A887-B2154C17A5D1}.Debug|Any CPU.ActiveCfg = Debug|Any CPU
		{D3AB21C4-90E9-4D99-A887-B2154C17A5D1}.Debug|Any CPU.Build.0 = Debug|Any CPU
		{D3AB21C4-90E9-4D99-A887-B2154C17A5D1}.Release|Any CPU.ActiveCfg = Release|Any CPU
		{D3AB21C4-90E9-4D99-A887-B2154C17A5D1}.Release|Any CPU.Build.0 = Release|Any CPU
	EndGlobalSection
	GlobalSection(SolutionProperties) = preSolution
		HideSolutionNode = FALSE
	EndGlobalSection
	GlobalSection(ExtensibilityGlobals) = postSolution
		SolutionGuid = {8A8D85C6-A0BE-4BC7-8ADA-6D9214C290A3}
	EndGlobalSection
EndGlobal
